// !$*UTF8*$!
{
	archiveVersion = 1;
	classes = {
	};
	objectVersion = 55;
	objects = {

/* Begin PBXBuildFile section */
		3A36DC6A2980CFD0001C67C1 /* AppDelegate.swift in Sources */ = {isa = PBXBuildFile; fileRef = 3A36DC692980CFD0001C67C1 /* AppDelegate.swift */; };
		3A36DC6C2980CFD0001C67C1 /* SceneDelegate.swift in Sources */ = {isa = PBXBuildFile; fileRef = 3A36DC6B2980CFD0001C67C1 /* SceneDelegate.swift */; };
		3A36DC6E2980CFD0001C67C1 /* ViewController.swift in Sources */ = {isa = PBXBuildFile; fileRef = 3A36DC6D2980CFD0001C67C1 /* ViewController.swift */; };
		3A36DC712980CFD0001C67C1 /* Main.storyboard in Resources */ = {isa = PBXBuildFile; fileRef = 3A36DC6F2980CFD0001C67C1 /* Main.storyboard */; };
		3A36DC732980CFD6001C67C1 /* Assets.xcassets in Resources */ = {isa = PBXBuildFile; fileRef = 3A36DC722980CFD6001C67C1 /* Assets.xcassets */; };
		3A36DC762980CFD6001C67C1 /* LaunchScreen.storyboard in Resources */ = {isa = PBXBuildFile; fileRef = 3A36DC742980CFD6001C67C1 /* LaunchScreen.storyboard */; };
		3A36DC812980CFD6001C67C1 /* MBTestTests.swift in Sources */ = {isa = PBXBuildFile; fileRef = 3A36DC802980CFD6001C67C1 /* MBTestTests.swift */; };
		3A36DC8B2980CFD6001C67C1 /* MBTestUITests.swift in Sources */ = {isa = PBXBuildFile; fileRef = 3A36DC8A2980CFD6001C67C1 /* MBTestUITests.swift */; };
		3A36DC8D2980CFD6001C67C1 /* MBTestUITestsLaunchTests.swift in Sources */ = {isa = PBXBuildFile; fileRef = 3A36DC8C2980CFD6001C67C1 /* MBTestUITestsLaunchTests.swift */; };
/* End PBXBuildFile section */

/* Begin PBXContainerItemProxy section */
		3A36DC7D2980CFD6001C67C1 /* PBXContainerItemProxy */ = {
			isa = PBXContainerItemProxy;
			containerPortal = 3A36DC5E2980CFCF001C67C1 /* Project object */;
			proxyType = 1;
			remoteGlobalIDString = 3A36DC652980CFD0001C67C1;
			remoteInfo = MBTest;
		};
		3A36DC872980CFD6001C67C1 /* PBXContainerItemProxy */ = {
			isa = PBXContainerItemProxy;
			containerPortal = 3A36DC5E2980CFCF001C67C1 /* Project object */;
			proxyType = 1;
			remoteGlobalIDString = 3A36DC652980CFD0001C67C1;
			remoteInfo = MBTest;
		};
/* End PBXContainerItemProxy section */

/* Begin PBXFileReference section */
		3A36DC662980CFD0001C67C1 /* MBTest.app */ = {isa = PBXFileReference; explicitFileType = wrapper.application; includeInIndex = 0; path = MBTest.app; sourceTree = BUILT_PRODUCTS_DIR; };
		3A36DC692980CFD0001C67C1 /* AppDelegate.swift */ = {isa = PBXFileReference; lastKnownFileType = sourcecode.swift; path = AppDelegate.swift; sourceTree = "<group>"; };
		3A36DC6B2980CFD0001C67C1 /* SceneDelegate.swift */ = {isa = PBXFileReference; lastKnownFileType = sourcecode.swift; path = SceneDelegate.swift; sourceTree = "<group>"; };
		3A36DC6D2980CFD0001C67C1 /* ViewController.swift */ = {isa = PBXFileReference; lastKnownFileType = sourcecode.swift; path = ViewController.swift; sourceTree = "<group>"; };
		3A36DC702980CFD0001C67C1 /* Base */ = {isa = PBXFileReference; lastKnownFileType = file.storyboard; name = Base; path = Base.lproj/Main.storyboard; sourceTree = "<group>"; };
		3A36DC722980CFD6001C67C1 /* Assets.xcassets */ = {isa = PBXFileReference; lastKnownFileType = folder.assetcatalog; path = Assets.xcassets; sourceTree = "<group>"; };
		3A36DC752980CFD6001C67C1 /* Base */ = {isa = PBXFileReference; lastKnownFileType = file.storyboard; name = Base; path = Base.lproj/LaunchScreen.storyboard; sourceTree = "<group>"; };
		3A36DC772980CFD6001C67C1 /* Info.plist */ = {isa = PBXFileReference; lastKnownFileType = text.plist.xml; path = Info.plist; sourceTree = "<group>"; };
		3A36DC7C2980CFD6001C67C1 /* MBTestTests.xctest */ = {isa = PBXFileReference; explicitFileType = wrapper.cfbundle; includeInIndex = 0; path = MBTestTests.xctest; sourceTree = BUILT_PRODUCTS_DIR; };
		3A36DC802980CFD6001C67C1 /* MBTestTests.swift */ = {isa = PBXFileReference; lastKnownFileType = sourcecode.swift; path = MBTestTests.swift; sourceTree = "<group>"; };
		3A36DC862980CFD6001C67C1 /* MBTestUITests.xctest */ = {isa = PBXFileReference; explicitFileType = wrapper.cfbundle; includeInIndex = 0; path = MBTestUITests.xctest; sourceTree = BUILT_PRODUCTS_DIR; };
		3A36DC8A2980CFD6001C67C1 /* MBTestUITests.swift */ = {isa = PBXFileReference; lastKnownFileType = sourcecode.swift; path = MBTestUITests.swift; sourceTree = "<group>"; };
		3A36DC8C2980CFD6001C67C1 /* MBTestUITestsLaunchTests.swift */ = {isa = PBXFileReference; lastKnownFileType = sourcecode.swift; path = MBTestUITestsLaunchTests.swift; sourceTree = "<group>"; };
/* End PBXFileReference section */

/* Begin PBXFrameworksBuildPhase section */
		3A36DC632980CFD0001C67C1 /* Frameworks */ = {
			isa = PBXFrameworksBuildPhase;
			buildActionMask = 2147483647;
			files = (
			);
			runOnlyForDeploymentPostprocessing = 0;
		};
		3A36DC792980CFD6001C67C1 /* Frameworks */ = {
			isa = PBXFrameworksBuildPhase;
			buildActionMask = 2147483647;
			files = (
			);
			runOnlyForDeploymentPostprocessing = 0;
		};
		3A36DC832980CFD6001C67C1 /* Frameworks */ = {
			isa = PBXFrameworksBuildPhase;
			buildActionMask = 2147483647;
			files = (
			);
			runOnlyForDeploymentPostprocessing = 0;
		};
/* End PBXFrameworksBuildPhase section */

/* Begin PBXGroup section */
		3A36DC5D2980CFCF001C67C1 = {
			isa = PBXGroup;
			children = (
				3A36DC682980CFD0001C67C1 /* MBTest */,
				3A36DC7F2980CFD6001C67C1 /* MBTestTests */,
				3A36DC892980CFD6001C67C1 /* MBTestUITests */,
				3A36DC672980CFD0001C67C1 /* Products */,
			);
			sourceTree = "<group>";
		};
		3A36DC672980CFD0001C67C1 /* Products */ = {
			isa = PBXGroup;
			children = (
				3A36DC662980CFD0001C67C1 /* MBTest.app */,
				3A36DC7C2980CFD6001C67C1 /* MBTestTests.xctest */,
				3A36DC862980CFD6001C67C1 /* MBTestUITests.xctest */,
			);
			name = Products;
			sourceTree = "<group>";
		};
		3A36DC682980CFD0001C67C1 /* MBTest */ = {
			isa = PBXGroup;
			children = (
				3A36DC692980CFD0001C67C1 /* AppDelegate.swift */,
				3A36DC6B2980CFD0001C67C1 /* SceneDelegate.swift */,
				3A36DC6D2980CFD0001C67C1 /* ViewController.swift */,
				3A36DC6F2980CFD0001C67C1 /* Main.storyboard */,
				3A36DC722980CFD6001C67C1 /* Assets.xcassets */,
				3A36DC742980CFD6001C67C1 /* LaunchScreen.storyboard */,
				3A36DC772980CFD6001C67C1 /* Info.plist */,
			);
			path = MBTest;
			sourceTree = "<group>";
		};
		3A36DC7F2980CFD6001C67C1 /* MBTestTests */ = {
			isa = PBXGroup;
			children = (
				3A36DC802980CFD6001C67C1 /* MBTestTests.swift */,
			);
			path = MBTestTests;
			sourceTree = "<group>";
		};
		3A36DC892980CFD6001C67C1 /* MBTestUITests */ = {
			isa = PBXGroup;
			children = (
				3A36DC8A2980CFD6001C67C1 /* MBTestUITests.swift */,
				3A36DC8C2980CFD6001C67C1 /* MBTestUITestsLaunchTests.swift */,
			);
			path = MBTestUITests;
			sourceTree = "<group>";
		};
/* End PBXGroup section */

/* Begin PBXNativeTarget section */
		3A36DC652980CFD0001C67C1 /* MBTest */ = {
			isa = PBXNativeTarget;
			buildConfigurationList = 3A36DC902980CFD6001C67C1 /* Build configuration list for PBXNativeTarget "MBTest" */;
			buildPhases = (
				3A36DC622980CFD0001C67C1 /* Sources */,
				3A36DC632980CFD0001C67C1 /* Frameworks */,
				3A36DC642980CFD0001C67C1 /* Resources */,
			);
			buildRules = (
			);
			dependencies = (
			);
			name = MBTest;
			productName = MBTest;
			productReference = 3A36DC662980CFD0001C67C1 /* MBTest.app */;
			productType = "com.apple.product-type.application";
		};
		3A36DC7B2980CFD6001C67C1 /* MBTestTests */ = {
			isa = PBXNativeTarget;
			buildConfigurationList = 3A36DC932980CFD6001C67C1 /* Build configuration list for PBXNativeTarget "MBTestTests" */;
			buildPhases = (
				3A36DC782980CFD6001C67C1 /* Sources */,
				3A36DC792980CFD6001C67C1 /* Frameworks */,
				3A36DC7A2980CFD6001C67C1 /* Resources */,
			);
			buildRules = (
			);
			dependencies = (
				3A36DC7E2980CFD6001C67C1 /* PBXTargetDependency */,
			);
			name = MBTestTests;
			productName = MBTestTests;
			productReference = 3A36DC7C2980CFD6001C67C1 /* MBTestTests.xctest */;
			productType = "com.apple.product-type.bundle.unit-test";
		};
		3A36DC852980CFD6001C67C1 /* MBTestUITests */ = {
			isa = PBXNativeTarget;
			buildConfigurationList = 3A36DC962980CFD6001C67C1 /* Build configuration list for PBXNativeTarget "MBTestUITests" */;
			buildPhases = (
				3A36DC822980CFD6001C67C1 /* Sources */,
				3A36DC832980CFD6001C67C1 /* Frameworks */,
				3A36DC842980CFD6001C67C1 /* Resources */,
			);
			buildRules = (
			);
			dependencies = (
				3A36DC882980CFD6001C67C1 /* PBXTargetDependency */,
			);
			name = MBTestUITests;
			productName = MBTestUITests;
			productReference = 3A36DC862980CFD6001C67C1 /* MBTestUITests.xctest */;
			productType = "com.apple.product-type.bundle.ui-testing";
		};
/* End PBXNativeTarget section */

/* Begin PBXProject section */
		3A36DC5E2980CFCF001C67C1 /* Project object */ = {
			isa = PBXProject;
			attributes = {
				BuildIndependentTargetsInParallel = 1;
				LastSwiftUpdateCheck = 1330;
				LastUpgradeCheck = 1330;
				TargetAttributes = {
					3A36DC652980CFD0001C67C1 = {
						CreatedOnToolsVersion = 13.3;
					};
					3A36DC7B2980CFD6001C67C1 = {
						CreatedOnToolsVersion = 13.3;
						TestTargetID = 3A36DC652980CFD0001C67C1;
					};
					3A36DC852980CFD6001C67C1 = {
						CreatedOnToolsVersion = 13.3;
						TestTargetID = 3A36DC652980CFD0001C67C1;
					};
				};
			};
			buildConfigurationList = 3A36DC612980CFCF001C67C1 /* Build configuration list for PBXProject "MBTest" */;
			compatibilityVersion = "Xcode 13.0";
			developmentRegion = en;
			hasScannedForEncodings = 0;
			knownRegions = (
				en,
				Base,
			);
			mainGroup = 3A36DC5D2980CFCF001C67C1;
			productRefGroup = 3A36DC672980CFD0001C67C1 /* Products */;
			projectDirPath = "";
			projectRoot = "";
			targets = (
				3A36DC652980CFD0001C67C1 /* MBTest */,
				3A36DC7B2980CFD6001C67C1 /* MBTestTests */,
				3A36DC852980CFD6001C67C1 /* MBTestUITests */,
			);
		};
/* End PBXProject section */

/* Begin PBXResourcesBuildPhase section */
		3A36DC642980CFD0001C67C1 /* Resources */ = {
			isa = PBXResourcesBuildPhase;
			buildActionMask = 2147483647;
			files = (
				3A36DC762980CFD6001C67C1 /* LaunchScreen.storyboard in Resources */,
				3A36DC732980CFD6001C67C1 /* Assets.xcassets in Resources */,
				3A36DC712980CFD0001C67C1 /* Main.storyboard in Resources */,
			);
			runOnlyForDeploymentPostprocessing = 0;
		};
		3A36DC7A2980CFD6001C67C1 /* Resources */ = {
			isa = PBXResourcesBuildPhase;
			buildActionMask = 2147483647;
			files = (
			);
			runOnlyForDeploymentPostprocessing = 0;
		};
		3A36DC842980CFD6001C67C1 /* Resources */ = {
			isa = PBXResourcesBuildPhase;
			buildActionMask = 2147483647;
			files = (
			);
			runOnlyForDeploymentPostprocessing = 0;
		};
/* End PBXResourcesBuildPhase section */

/* Begin PBXSourcesBuildPhase section */
		3A36DC622980CFD0001C67C1 /* Sources */ = {
			isa = PBXSourcesBuildPhase;
			buildActionMask = 2147483647;
			files = (
				3A36DC6E2980CFD0001C67C1 /* ViewController.swift in Sources */,
				3A36DC6A2980CFD0001C67C1 /* AppDelegate.swift in Sources */,
				3A36DC6C2980CFD0001C67C1 /* SceneDelegate.swift in Sources */,
			);
			runOnlyForDeploymentPostprocessing = 0;
		};
		3A36DC782980CFD6001C67C1 /* Sources */ = {
			isa = PBXSourcesBuildPhase;
			buildActionMask = 2147483647;
			files = (
				3A36DC812980CFD6001C67C1 /* MBTestTests.swift in Sources */,
			);
			runOnlyForDeploymentPostprocessing = 0;
		};
		3A36DC822980CFD6001C67C1 /* Sources */ = {
			isa = PBXSourcesBuildPhase;
			buildActionMask = 2147483647;
			files = (
				3A36DC8B2980CFD6001C67C1 /* MBTestUITests.swift in Sources */,
				3A36DC8D2980CFD6001C67C1 /* MBTestUITestsLaunchTests.swift in Sources */,
			);
			runOnlyForDeploymentPostprocessing = 0;
		};
/* End PBXSourcesBuildPhase section */

/* Begin PBXTargetDependency section */
		3A36DC7E2980CFD6001C67C1 /* PBXTargetDependency */ = {
			isa = PBXTargetDependency;
			target = 3A36DC652980CFD0001C67C1 /* MBTest */;
			targetProxy = 3A36DC7D2980CFD6001C67C1 /* PBXContainerItemProxy */;
		};
		3A36DC882980CFD6001C67C1 /* PBXTargetDependency */ = {
			isa = PBXTargetDependency;
			target = 3A36DC652980CFD0001C67C1 /* MBTest */;
			targetProxy = 3A36DC872980CFD6001C67C1 /* PBXContainerItemProxy */;
		};
/* End PBXTargetDependency section */

/* Begin PBXVariantGroup section */
		3A36DC6F2980CFD0001C67C1 /* Main.storyboard */ = {
			isa = PBXVariantGroup;
			children = (
				3A36DC702980CFD0001C67C1 /* Base */,
			);
			name = Main.storyboard;
			sourceTree = "<group>";
		};
		3A36DC742980CFD6001C67C1 /* LaunchScreen.storyboard */ = {
			isa = PBXVariantGroup;
			children = (
				3A36DC752980CFD6001C67C1 /* Base */,
			);
			name = LaunchScreen.storyboard;
			sourceTree = "<group>";
		};
/* End PBXVariantGroup section */

/* Begin XCBuildConfiguration section */
		3A36DC8E2980CFD6001C67C1 /* Debug */ = {
			isa = XCBuildConfiguration;
			buildSettings = {
				ALWAYS_SEARCH_USER_PATHS = NO;
				CLANG_ANALYZER_NONNULL = YES;
				CLANG_ANALYZER_NUMBER_OBJECT_CONVERSION = YES_AGGRESSIVE;
				CLANG_CXX_LANGUAGE_STANDARD = "gnu++17";
				CLANG_ENABLE_MODULES = YES;
				CLANG_ENABLE_OBJC_ARC = YES;
				CLANG_ENABLE_OBJC_WEAK = YES;
				CLANG_WARN_BLOCK_CAPTURE_AUTORELEASING = YES;
				CLANG_WARN_BOOL_CONVERSION = YES;
				CLANG_WARN_COMMA = YES;
				CLANG_WARN_CONSTANT_CONVERSION = YES;
				CLANG_WARN_DEPRECATED_OBJC_IMPLEMENTATIONS = YES;
				CLANG_WARN_DIRECT_OBJC_ISA_USAGE = YES_ERROR;
				CLANG_WARN_DOCUMENTATION_COMMENTS = YES;
				CLANG_WARN_EMPTY_BODY = YES;
				CLANG_WARN_ENUM_CONVERSION = YES;
				CLANG_WARN_INFINITE_RECURSION = YES;
				CLANG_WARN_INT_CONVERSION = YES;
				CLANG_WARN_NON_LITERAL_NULL_CONVERSION = YES;
				CLANG_WARN_OBJC_IMPLICIT_RETAIN_SELF = YES;
				CLANG_WARN_OBJC_LITERAL_CONVERSION = YES;
				CLANG_WARN_OBJC_ROOT_CLASS = YES_ERROR;
				CLANG_WARN_QUOTED_INCLUDE_IN_FRAMEWORK_HEADER = YES;
				CLANG_WARN_RANGE_LOOP_ANALYSIS = YES;
				CLANG_WARN_STRICT_PROTOTYPES = YES;
				CLANG_WARN_SUSPICIOUS_MOVE = YES;
				CLANG_WARN_UNGUARDED_AVAILABILITY = YES_AGGRESSIVE;
				CLANG_WARN_UNREACHABLE_CODE = YES;
				CLANG_WARN__DUPLICATE_METHOD_MATCH = YES;
				COPY_PHASE_STRIP = NO;
				DEBUG_INFORMATION_FORMAT = dwarf;
				ENABLE_STRICT_OBJC_MSGSEND = YES;
				ENABLE_TESTABILITY = YES;
				GCC_C_LANGUAGE_STANDARD = gnu11;
				GCC_DYNAMIC_NO_PIC = NO;
				GCC_NO_COMMON_BLOCKS = YES;
				GCC_OPTIMIZATION_LEVEL = 0;
				GCC_PREPROCESSOR_DEFINITIONS = (
					"DEBUG=1",
					"$(inherited)",
				);
				GCC_WARN_64_TO_32_BIT_CONVERSION = YES;
				GCC_WARN_ABOUT_RETURN_TYPE = YES_ERROR;
				GCC_WARN_UNDECLARED_SELECTOR = YES;
				GCC_WARN_UNINITIALIZED_AUTOS = YES_AGGRESSIVE;
				GCC_WARN_UNUSED_FUNCTION = YES;
				GCC_WARN_UNUSED_VARIABLE = YES;
				IPHONEOS_DEPLOYMENT_TARGET = 15.4;
				MTL_ENABLE_DEBUG_INFO = INCLUDE_SOURCE;
				MTL_FAST_MATH = YES;
				ONLY_ACTIVE_ARCH = YES;
				SDKROOT = iphoneos;
				SWIFT_ACTIVE_COMPILATION_CONDITIONS = DEBUG;
				SWIFT_OPTIMIZATION_LEVEL = "-Onone";
			};
			name = Debug;
		};
		3A36DC8F2980CFD6001C67C1 /* Release */ = {
			isa = XCBuildConfiguration;
			buildSettings = {
				ALWAYS_SEARCH_USER_PATHS = NO;
				CLANG_ANALYZER_NONNULL = YES;
				CLANG_ANALYZER_NUMBER_OBJECT_CONVERSION = YES_AGGRESSIVE;
				CLANG_CXX_LANGUAGE_STANDARD = "gnu++17";
				CLANG_ENABLE_MODULES = YES;
				CLANG_ENABLE_OBJC_ARC = YES;
				CLANG_ENABLE_OBJC_WEAK = YES;
				CLANG_WARN_BLOCK_CAPTURE_AUTORELEASING = YES;
				CLANG_WARN_BOOL_CONVERSION = YES;
				CLANG_WARN_COMMA = YES;
				CLANG_WARN_CONSTANT_CONVERSION = YES;
				CLANG_WARN_DEPRECATED_OBJC_IMPLEMENTATIONS = YES;
				CLANG_WARN_DIRECT_OBJC_ISA_USAGE = YES_ERROR;
				CLANG_WARN_DOCUMENTATION_COMMENTS = YES;
				CLANG_WARN_EMPTY_BODY = YES;
				CLANG_WARN_ENUM_CONVERSION = YES;
				CLANG_WARN_INFINITE_RECURSION = YES;
				CLANG_WARN_INT_CONVERSION = YES;
				CLANG_WARN_NON_LITERAL_NULL_CONVERSION = YES;
				CLANG_WARN_OBJC_IMPLICIT_RETAIN_SELF = YES;
				CLANG_WARN_OBJC_LITERAL_CONVERSION = YES;
				CLANG_WARN_OBJC_ROOT_CLASS = YES_ERROR;
				CLANG_WARN_QUOTED_INCLUDE_IN_FRAMEWORK_HEADER = YES;
				CLANG_WARN_RANGE_LOOP_ANALYSIS = YES;
				CLANG_WARN_STRICT_PROTOTYPES = YES;
				CLANG_WARN_SUSPICIOUS_MOVE = YES;
				CLANG_WARN_UNGUARDED_AVAILABILITY = YES_AGGRESSIVE;
				CLANG_WARN_UNREACHABLE_CODE = YES;
				CLANG_WARN__DUPLICATE_METHOD_MATCH = YES;
				COPY_PHASE_STRIP = NO;
				DEBUG_INFORMATION_FORMAT = "dwarf-with-dsym";
				ENABLE_NS_ASSERTIONS = NO;
				ENABLE_STRICT_OBJC_MSGSEND = YES;
				GCC_C_LANGUAGE_STANDARD = gnu11;
				GCC_NO_COMMON_BLOCKS = YES;
				GCC_WARN_64_TO_32_BIT_CONVERSION = YES;
				GCC_WARN_ABOUT_RETURN_TYPE = YES_ERROR;
				GCC_WARN_UNDECLARED_SELECTOR = YES;
				GCC_WARN_UNINITIALIZED_AUTOS = YES_AGGRESSIVE;
				GCC_WARN_UNUSED_FUNCTION = YES;
				GCC_WARN_UNUSED_VARIABLE = YES;
				IPHONEOS_DEPLOYMENT_TARGET = 15.4;
				MTL_ENABLE_DEBUG_INFO = NO;
				MTL_FAST_MATH = YES;
				SDKROOT = iphoneos;
				SWIFT_COMPILATION_MODE = wholemodule;
				SWIFT_OPTIMIZATION_LEVEL = "-O";
				VALIDATE_PRODUCT = YES;
			};
			name = Release;
		};
		3A36DC912980CFD6001C67C1 /* Debug */ = {
			isa = XCBuildConfiguration;
			buildSettings = {
				ASSETCATALOG_COMPILER_APPICON_NAME = AppIcon;
				ASSETCATALOG_COMPILER_GLOBAL_ACCENT_COLOR_NAME = AccentColor;
				CODE_SIGN_STYLE = Automatic;
				CURRENT_PROJECT_VERSION = 1;
				GENERATE_INFOPLIST_FILE = YES;
				INFOPLIST_FILE = MBTest/Info.plist;
				INFOPLIST_KEY_UIApplicationSupportsIndirectInputEvents = YES;
				INFOPLIST_KEY_UILaunchStoryboardName = LaunchScreen;
				INFOPLIST_KEY_UIMainStoryboardFile = Main;
				INFOPLIST_KEY_UISupportedInterfaceOrientations_iPad = "UIInterfaceOrientationPortrait UIInterfaceOrientationPortraitUpsideDown UIInterfaceOrientationLandscapeLeft UIInterfaceOrientationLandscapeRight";
				INFOPLIST_KEY_UISupportedInterfaceOrientations_iPhone = "UIInterfaceOrientationPortrait UIInterfaceOrientationLandscapeLeft UIInterfaceOrientationLandscapeRight";
				LD_RUNPATH_SEARCH_PATHS = (
					"$(inherited)",
					"@executable_path/Frameworks",
				);
				MARKETING_VERSION = 1.0;
				PRODUCT_BUNDLE_IDENTIFIER = hubert.test.mercadobitcoin.MBTest;
				PRODUCT_NAME = "$(TARGET_NAME)";
				SWIFT_EMIT_LOC_STRINGS = YES;
				SWIFT_VERSION = 5.0;
				TARGETED_DEVICE_FAMILY = "1,2";
			};
			name = Debug;
		};
		3A36DC922980CFD6001C67C1 /* Release */ = {
			isa = XCBuildConfiguration;
			buildSettings = {
				ASSETCATALOG_COMPILER_APPICON_NAME = AppIcon;
				ASSETCATALOG_COMPILER_GLOBAL_ACCENT_COLOR_NAME = AccentColor;
				CODE_SIGN_STYLE = Automatic;
				CURRENT_PROJECT_VERSION = 1;
				GENERATE_INFOPLIST_FILE = YES;
				INFOPLIST_FILE = MBTest/Info.plist;
				INFOPLIST_KEY_UIApplicationSupportsIndirectInputEvents = YES;
				INFOPLIST_KEY_UILaunchStoryboardName = LaunchScreen;
				INFOPLIST_KEY_UIMainStoryboardFile = Main;
				INFOPLIST_KEY_UISupportedInterfaceOrientations_iPad = "UIInterfaceOrientationPortrait UIInterfaceOrientationPortraitUpsideDown UIInterfaceOrientationLandscapeLeft UIInterfaceOrientationLandscapeRight";
				INFOPLIST_KEY_UISupportedInterfaceOrientations_iPhone = "UIInterfaceOrientationPortrait UIInterfaceOrientationLandscapeLeft UIInterfaceOrientationLandscapeRight";
				LD_RUNPATH_SEARCH_PATHS = (
					"$(inherited)",
					"@executable_path/Frameworks",
				);
				MARKETING_VERSION = 1.0;
				PRODUCT_BUNDLE_IDENTIFIER = hubert.test.mercadobitcoin.MBTest;
				PRODUCT_NAME = "$(TARGET_NAME)";
				SWIFT_EMIT_LOC_STRINGS = YES;
				SWIFT_VERSION = 5.0;
				TARGETED_DEVICE_FAMILY = "1,2";
			};
			name = Release;
		};
		3A36DC942980CFD6001C67C1 /* Debug */ = {
			isa = XCBuildConfiguration;
			buildSettings = {
				ALWAYS_EMBED_SWIFT_STANDARD_LIBRARIES = YES;
				BUNDLE_LOADER = "$(TEST_HOST)";
				CODE_SIGN_STYLE = Automatic;
				CURRENT_PROJECT_VERSION = 1;
				GENERATE_INFOPLIST_FILE = YES;
				IPHONEOS_DEPLOYMENT_TARGET = 15.4;
				MARKETING_VERSION = 1.0;
				PRODUCT_BUNDLE_IDENTIFIER = hubert.test.mercadobitcoin.MBTestTests;
				PRODUCT_NAME = "$(TARGET_NAME)";
				SWIFT_EMIT_LOC_STRINGS = NO;
				SWIFT_VERSION = 5.0;
				TARGETED_DEVICE_FAMILY = "1,2";
				TEST_HOST = "$(BUILT_PRODUCTS_DIR)/MBTest.app/MBTest";
			};
			name = Debug;
		};
		3A36DC952980CFD6001C67C1 /* Release */ = {
			isa = XCBuildConfiguration;
			buildSettings = {
				ALWAYS_EMBED_SWIFT_STANDARD_LIBRARIES = YES;
				BUNDLE_LOADER = "$(TEST_HOST)";
				CODE_SIGN_STYLE = Automatic;
				CURRENT_PROJECT_VERSION = 1;
				GENERATE_INFOPLIST_FILE = YES;
				IPHONEOS_DEPLOYMENT_TARGET = 15.4;
				MARKETING_VERSION = 1.0;
				PRODUCT_BUNDLE_IDENTIFIER = hubert.test.mercadobitcoin.MBTestTests;
				PRODUCT_NAME = "$(TARGET_NAME)";
				SWIFT_EMIT_LOC_STRINGS = NO;
				SWIFT_VERSION = 5.0;
				TARGETED_DEVICE_FAMILY = "1,2";
				TEST_HOST = "$(BUILT_PRODUCTS_DIR)/MBTest.app/MBTest";
			};
			name = Release;
		};
		3A36DC972980CFD6001C67C1 /* Debug */ = {
			isa = XCBuildConfiguration;
			buildSettings = {
				ALWAYS_EMBED_SWIFT_STANDARD_LIBRARIES = YES;
				CODE_SIGN_STYLE = Automatic;
				CURRENT_PROJECT_VERSION = 1;
				GENERATE_INFOPLIST_FILE = YES;
				MARKETING_VERSION = 1.0;
				PRODUCT_BUNDLE_IDENTIFIER = hubert.test.mercadobitcoin.MBTestUITests;
				PRODUCT_NAME = "$(TARGET_NAME)";
				SWIFT_EMIT_LOC_STRINGS = NO;
				SWIFT_VERSION = 5.0;
				TARGETED_DEVICE_FAMILY = "1,2";
				TEST_TARGET_NAME = MBTest;
			};
			name = Debug;
		};
		3A36DC982980CFD6001C67C1 /* Release */ = {
			isa = XCBuildConfiguration;
			buildSettings = {
				ALWAYS_EMBED_SWIFT_STANDARD_LIBRARIES = YES;
				CODE_SIGN_STYLE = Automatic;
				CURRENT_PROJECT_VERSION = 1;
				GENERATE_INFOPLIST_FILE = YES;
				MARKETING_VERSION = 1.0;
				PRODUCT_BUNDLE_IDENTIFIER = hubert.test.mercadobitcoin.MBTestUITests;
				PRODUCT_NAME = "$(TARGET_NAME)";
				SWIFT_EMIT_LOC_STRINGS = NO;
				SWIFT_VERSION = 5.0;
				TARGETED_DEVICE_FAMILY = "1,2";
				TEST_TARGET_NAME = MBTest;
			};
			name = Release;
		};
/* End XCBuildConfiguration section */

/* Begin XCConfigurationList section */
		3A36DC612980CFCF001C67C1 /* Build configuration list for PBXProject "MBTest" */ = {
			isa = XCConfigurationList;
			buildConfigurations = (
				3A36DC8E2980CFD6001C67C1 /* Debug */,
				3A36DC8F2980CFD6001C67C1 /* Release */,
			);
			defaultConfigurationIsVisible = 0;
			defaultConfigurationName = Release;
		};
		3A36DC902980CFD6001C67C1 /* Build configuration list for PBXNativeTarget "MBTest" */ = {
			isa = XCConfigurationList;
			buildConfigurations = (
				3A36DC912980CFD6001C67C1 /* Debug */,
				3A36DC922980CFD6001C67C1 /* Release */,
			);
			defaultConfigurationIsVisible = 0;
			defaultConfigurationName = Release;
		};
		3A36DC932980CFD6001C67C1 /* Build configuration list for PBXNativeTarget "MBTestTests" */ = {
			isa = XCConfigurationList;
			buildConfigurations = (
				3A36DC942980CFD6001C67C1 /* Debug */,
				3A36DC952980CFD6001C67C1 /* Release */,
			);
			defaultConfigurationIsVisible = 0;
			defaultConfigurationName = Release;
		};
		3A36DC962980CFD6001C67C1 /* Build configuration list for PBXNativeTarget "MBTestUITests" */ = {
			isa = XCConfigurationList;
			buildConfigurations = (
				3A36DC972980CFD6001C67C1 /* Debug */,
				3A36DC982980CFD6001C67C1 /* Release */,
			);
			defaultConfigurationIsVisible = 0;
			defaultConfigurationName = Release;
		};
/* End XCConfigurationList section */
	};
	rootObject = 3A36DC5E2980CFCF001C67C1 /* Project object */;
}
